
Microsoft Visual Studio Solution File, Format Version 12.00
# Visual Studio Version 17
VisualStudioVersion = 17.6.33829.357
MinimumVisualStudioVersion = 10.0.40219.1
Project("{8BC9CEB8-8B4A-11D0-8D11-00A0C91BC942}") = "연습장", "연습장.vcxproj", "{1413D370-3B77-478D-8437-0FC66ECD52FB}"
EndProject
Global
	GlobalSection(SolutionConfigurationPlatforms) = preSolution
		Debug|x64 = Debug|x64
		Debug|x86 = Debug|x86
		Release|x64 = Release|x64
		Release|x86 = Release|x86
	EndGlobalSection
	GlobalSection(ProjectConfigurationPlatforms) = postSolution
		{1413D370-3B77-478D-8437-0FC66ECD52FB}.Debug|x64.ActiveCfg = Debug|x64
		{1413D370-3B77-478D-8437-0FC66ECD52FB}.Debug|x64.Build.0 = Debug|x64
		{1413D370-3B77-478D-8437-0FC66ECD52FB}.Debug|x86.ActiveCfg = Debug|Win32
		{1413D370-3B77-478D-8437-0FC66ECD52FB}.Debug|x86.Build.0 = Debug|Win32
		{1413D370-3B77-478D-8437-0FC66ECD52FB}.Release|x64.ActiveCfg = Release|x64
		{1413D370-3B77-478D-8437-0FC66ECD52FB}.Release|x64.Build.0 = Release|x64
		{1413D370-3B77-478D-8437-0FC66ECD52FB}.Release|x86.ActiveCfg = Release|Win32
		{1413D370-3B77-478D-8437-0FC66ECD52FB}.Release|x86.Build.0 = Release|Win32
	EndGlobalSection
	GlobalSection(SolutionProperties) = preSolution
		HideSolutionNode = FALSE
	EndGlobalSection
	GlobalSection(ExtensibilityGlobals) = postSolution
		SolutionGuid = {B1AAC89D-B1FF-449C-A476-7C7C253F6428}
	EndGlobalSection
EndGlobal
